uuid: 08d9f434-7bdc-45b9-8d24-660f2a845c20
langcode: en
status: true
dependencies:
  module:
    - system
    - twitter_block
  theme:
    - ncwtheme
id: twitterblock
theme: ncwtheme
region: sidebar_second_others
weight: -50
provider: null
plugin: twitter_block
settings:
  id: twitter_block
  label: 'Latest tweets'
  provider: twitter_block
  label_display: visible
  username: EU_OSHA
  theme: ''
  link_color: ''
  width: ''
  height: ''
  chrome:
    noheader: '0'
    nofooter: '0'
    noborders: '0'
    noscrollbar: '0'
    transparent: '0'
  border_color: ''
  language: ''
  tweet_limit: '3'
  related: ''
  polite: polite
visibility:
  request_path:
    id: request_path
    pages: "/tools-and-resources/blog\r\n/tools-and-resources/blog/*\r\n<front>\r\n/search/blog\r\n/blog/*\r\n"
    negate: false
