uuid: 99fe5d31-d2e4-4c64-bda1-f4c8da68533f
langcode: en
status: true
dependencies:
  module:
    - node
id: node.field_view_twetter_block
field_name: field_view_twetter_block
entity_type: node
type: boolean
settings: {  }
module: core
locked: false
cardinality: 1
translatable: true
indexes: {  }
persist_with_no_fields: false
custom_storage: false
