uuid: afc7502a-5823-4648-b5fa-98244e4617f1
langcode: en
status: true
dependencies:
  config:
    - block_content.type.newsletter_subscription_block
id: block_content.newsletter_subscription_block
target_entity_type_id: block_content
target_bundle: newsletter_subscription_block
default_langcode: site_default
language_alterable: false
